
Microsoft Visual Studio Solution File, Format Version 12.00
# Visual Studio Version 17
VisualStudioVersion = 17.4.33110.190
MinimumVisualStudioVersion = 10.0.40219.1
Project("{FAE04EC0-301F-11D3-BF4B-00C04F79EFBC}") = "Arduino_Flame", "Arduino_Flame.csproj", "{719D9540-B6AA-40A9-AA96-DEB11CD3F67C}"
EndProject
Global
	GlobalSection(SolutionConfigurationPlatforms) = preSolution
		Debug|Any CPU = Debug|Any CPU
		Release|Any CPU = Release|Any CPU
	EndGlobalSection
	GlobalSection(ProjectConfigurationPlatforms) = postSolution
		{719D9540-B6AA-40A9-AA96-DEB11CD3F67C}.Debug|Any CPU.ActiveCfg = Debug|Any CPU
		{719D9540-B6AA-40A9-AA96-DEB11CD3F67C}.Debug|Any CPU.Build.0 = Debug|Any CPU
		{719D9540-B6AA-40A9-AA96-DEB11CD3F67C}.Release|Any CPU.ActiveCfg = Release|Any CPU
		{719D9540-B6AA-40A9-AA96-DEB11CD3F67C}.Release|Any CPU.Build.0 = Release|Any CPU
	EndGlobalSection
	GlobalSection(SolutionProperties) = preSolution
		HideSolutionNode = FALSE
	EndGlobalSection
	GlobalSection(ExtensibilityGlobals) = postSolution
		SolutionGuid = {92E8929A-0EBE-410E-91F8-121E8F799ACB}
	EndGlobalSection
EndGlobal
