
Microsoft Visual Studio Solution File, Format Version 12.00
# Visual Studio Version 17
VisualStudioVersion = 17.6.33717.318
MinimumVisualStudioVersion = 10.0.40219.1
Project("{FAE04EC0-301F-11D3-BF4B-00C04F79EFBC}") = "ESP32_CBAS_DS18", "ESP32_CBAS_DS18\ESP32_CBAS_DS18.csproj", "{B81D79C5-23E0-4E90-B702-921E28BEDA5A}"
EndProject
Global
	GlobalSection(SolutionConfigurationPlatforms) = preSolution
		Debug|Any CPU = Debug|Any CPU
		Release|Any CPU = Release|Any CPU
	EndGlobalSection
	GlobalSection(ProjectConfigurationPlatforms) = postSolution
		{B81D79C5-23E0-4E90-B702-921E28BEDA5A}.Debug|Any CPU.ActiveCfg = Debug|Any CPU
		{B81D79C5-23E0-4E90-B702-921E28BEDA5A}.Debug|Any CPU.Build.0 = Debug|Any CPU
		{B81D79C5-23E0-4E90-B702-921E28BEDA5A}.Release|Any CPU.ActiveCfg = Release|Any CPU
		{B81D79C5-23E0-4E90-B702-921E28BEDA5A}.Release|Any CPU.Build.0 = Release|Any CPU
	EndGlobalSection
	GlobalSection(SolutionProperties) = preSolution
		HideSolutionNode = FALSE
	EndGlobalSection
	GlobalSection(ExtensibilityGlobals) = postSolution
		SolutionGuid = {E442FB64-1C4F-4703-BD7E-D7392CC35A3C}
	EndGlobalSection
EndGlobal
