
Microsoft Visual Studio Solution File, Format Version 12.00
# Visual Studio Version 17
VisualStudioVersion = 17.4.33110.190
MinimumVisualStudioVersion = 10.0.40219.1
Project("{FAE04EC0-301F-11D3-BF4B-00C04F79EFBC}") = "ESP_MQTT", "ESP_MQTT.csproj", "{286F7B9C-B330-4236-A8C5-BE8F6ADE5273}"
EndProject
Global
	GlobalSection(SolutionConfigurationPlatforms) = preSolution
		Debug|Any CPU = Debug|Any CPU
		Release|Any CPU = Release|Any CPU
	EndGlobalSection
	GlobalSection(ProjectConfigurationPlatforms) = postSolution
		{286F7B9C-B330-4236-A8C5-BE8F6ADE5273}.Debug|Any CPU.ActiveCfg = Debug|Any CPU
		{286F7B9C-B330-4236-A8C5-BE8F6ADE5273}.Debug|Any CPU.Build.0 = Debug|Any CPU
		{286F7B9C-B330-4236-A8C5-BE8F6ADE5273}.Release|Any CPU.ActiveCfg = Release|Any CPU
		{286F7B9C-B330-4236-A8C5-BE8F6ADE5273}.Release|Any CPU.Build.0 = Release|Any CPU
	EndGlobalSection
	GlobalSection(SolutionProperties) = preSolution
		HideSolutionNode = FALSE
	EndGlobalSection
	GlobalSection(ExtensibilityGlobals) = postSolution
		SolutionGuid = {D7582849-3123-4CF3-90AE-CD4776494566}
	EndGlobalSection
EndGlobal
