
Microsoft Visual Studio Solution File, Format Version 12.00
# Visual Studio Version 17
VisualStudioVersion = 17.4.33110.190
MinimumVisualStudioVersion = 10.0.40219.1
Project("{FAE04EC0-301F-11D3-BF4B-00C04F79EFBC}") = "GY31_ARDUINO_CSHARP", "GY31_ARDUINO_CSHARP.csproj", "{F6A73782-B712-4DB1-9239-E80B00117768}"
EndProject
Global
	GlobalSection(SolutionConfigurationPlatforms) = preSolution
		Debug|Any CPU = Debug|Any CPU
		Release|Any CPU = Release|Any CPU
	EndGlobalSection
	GlobalSection(ProjectConfigurationPlatforms) = postSolution
		{F6A73782-B712-4DB1-9239-E80B00117768}.Debug|Any CPU.ActiveCfg = Debug|Any CPU
		{F6A73782-B712-4DB1-9239-E80B00117768}.Debug|Any CPU.Build.0 = Debug|Any CPU
		{F6A73782-B712-4DB1-9239-E80B00117768}.Release|Any CPU.ActiveCfg = Release|Any CPU
		{F6A73782-B712-4DB1-9239-E80B00117768}.Release|Any CPU.Build.0 = Release|Any CPU
	EndGlobalSection
	GlobalSection(SolutionProperties) = preSolution
		HideSolutionNode = FALSE
	EndGlobalSection
	GlobalSection(ExtensibilityGlobals) = postSolution
		SolutionGuid = {B81D4658-CD9E-494F-AAE4-5B7DE6A8FB86}
	EndGlobalSection
EndGlobal
