
Microsoft Visual Studio Solution File, Format Version 12.00
# Visual Studio Version 17
VisualStudioVersion = 17.4.33110.190
MinimumVisualStudioVersion = 10.0.40219.1
Project("{FAE04EC0-301F-11D3-BF4B-00C04F79EFBC}") = "tinh_tien_da_khoa", "tinh_tien_da_khoa\tinh_tien_da_khoa.csproj", "{FA75D648-BA1E-409A-9C5B-FCBF8194810E}"
EndProject
Global
	GlobalSection(SolutionConfigurationPlatforms) = preSolution
		Debug|Any CPU = Debug|Any CPU
		Release|Any CPU = Release|Any CPU
	EndGlobalSection
	GlobalSection(ProjectConfigurationPlatforms) = postSolution
		{FA75D648-BA1E-409A-9C5B-FCBF8194810E}.Debug|Any CPU.ActiveCfg = Debug|Any CPU
		{FA75D648-BA1E-409A-9C5B-FCBF8194810E}.Debug|Any CPU.Build.0 = Debug|Any CPU
		{FA75D648-BA1E-409A-9C5B-FCBF8194810E}.Release|Any CPU.ActiveCfg = Release|Any CPU
		{FA75D648-BA1E-409A-9C5B-FCBF8194810E}.Release|Any CPU.Build.0 = Release|Any CPU
	EndGlobalSection
	GlobalSection(SolutionProperties) = preSolution
		HideSolutionNode = FALSE
	EndGlobalSection
	GlobalSection(ExtensibilityGlobals) = postSolution
		SolutionGuid = {6AA32015-B5B0-46CF-9BDD-335C298CC9F8}
	EndGlobalSection
EndGlobal
