
Microsoft Visual Studio Solution File, Format Version 12.00
# Visual Studio Version 17
VisualStudioVersion = 17.4.33110.190
MinimumVisualStudioVersion = 10.0.40219.1
Project("{FAE04EC0-301F-11D3-BF4B-00C04F79EFBC}") = "MQTT_TEST", "MQTT_TEST.csproj", "{EFCAB3E4-6137-4CEC-AB6C-1992A21FF756}"
EndProject
Global
	GlobalSection(SolutionConfigurationPlatforms) = preSolution
		Debug|Any CPU = Debug|Any CPU
		Release|Any CPU = Release|Any CPU
	EndGlobalSection
	GlobalSection(ProjectConfigurationPlatforms) = postSolution
		{EFCAB3E4-6137-4CEC-AB6C-1992A21FF756}.Debug|Any CPU.ActiveCfg = Debug|Any CPU
		{EFCAB3E4-6137-4CEC-AB6C-1992A21FF756}.Debug|Any CPU.Build.0 = Debug|Any CPU
		{EFCAB3E4-6137-4CEC-AB6C-1992A21FF756}.Release|Any CPU.ActiveCfg = Release|Any CPU
		{EFCAB3E4-6137-4CEC-AB6C-1992A21FF756}.Release|Any CPU.Build.0 = Release|Any CPU
	EndGlobalSection
	GlobalSection(SolutionProperties) = preSolution
		HideSolutionNode = FALSE
	EndGlobalSection
	GlobalSection(ExtensibilityGlobals) = postSolution
		SolutionGuid = {A3E70364-D5A0-4C1F-B623-6CB76830DBC2}
	EndGlobalSection
EndGlobal
