
Microsoft Visual Studio Solution File, Format Version 12.00
# Visual Studio Version 17
VisualStudioVersion = 17.6.33717.318
MinimumVisualStudioVersion = 10.0.40219.1
Project("{FAE04EC0-301F-11D3-BF4B-00C04F79EFBC}") = "ARDUINO_RS485", "ARDUINO_RS485\ARDUINO_RS485.csproj", "{1460EA61-BB43-4F8A-B4FD-16FA8059B305}"
EndProject
Global
	GlobalSection(SolutionConfigurationPlatforms) = preSolution
		Debug|Any CPU = Debug|Any CPU
		Release|Any CPU = Release|Any CPU
	EndGlobalSection
	GlobalSection(ProjectConfigurationPlatforms) = postSolution
		{1460EA61-BB43-4F8A-B4FD-16FA8059B305}.Debug|Any CPU.ActiveCfg = Debug|Any CPU
		{1460EA61-BB43-4F8A-B4FD-16FA8059B305}.Debug|Any CPU.Build.0 = Debug|Any CPU
		{1460EA61-BB43-4F8A-B4FD-16FA8059B305}.Release|Any CPU.ActiveCfg = Release|Any CPU
		{1460EA61-BB43-4F8A-B4FD-16FA8059B305}.Release|Any CPU.Build.0 = Release|Any CPU
	EndGlobalSection
	GlobalSection(SolutionProperties) = preSolution
		HideSolutionNode = FALSE
	EndGlobalSection
	GlobalSection(ExtensibilityGlobals) = postSolution
		SolutionGuid = {888B4A2D-7903-49DF-94E3-789B03CD3885}
	EndGlobalSection
EndGlobal
